// !$*UTF8*$!
{
	archiveVersion = 1;
	classes = {
	};
	objectVersion = 46;
	objects = {

/* Begin PBXBuildFile section */
		139E43D11FFEDFB5002D4D00 /* AppDelegate.swift in Sources */ = {isa = PBXBuildFile; fileRef = 139E43D01FFEDFB5002D4D00 /* AppDelegate.swift */; };
		139E43D31FFEDFB5002D4D00 /* ViewController.swift in Sources */ = {isa = PBXBuildFile; fileRef = 139E43D21FFEDFB5002D4D00 /* ViewController.swift */; };
		139E43D61FFEDFB6002D4D00 /* Main.storyboard in Resources */ = {isa = PBXBuildFile; fileRef = 139E43D41FFEDFB5002D4D00 /* Main.storyboard */; };
		139E43D81FFEDFB6002D4D00 /* Assets.xcassets in Resources */ = {isa = PBXBuildFile; fileRef = 139E43D71FFEDFB6002D4D00 /* Assets.xcassets */; };
		139E43DB1FFEDFB6002D4D00 /* LaunchScreen.storyboard in Resources */ = {isa = PBXBuildFile; fileRef = 139E43D91FFEDFB6002D4D00 /* LaunchScreen.storyboard */; };
		139E43E61FFEDFB6002D4D00 /* tip_calculatorTests.swift in Sources */ = {isa = PBXBuildFile; fileRef = 139E43E51FFEDFB6002D4D00 /* tip_calculatorTests.swift */; };
		139E43F11FFEDFB6002D4D00 /* tip_calculatorUITests.swift in Sources */ = {isa = PBXBuildFile; fileRef = 139E43F01FFEDFB6002D4D00 /* tip_calculatorUITests.swift */; };
		139E43FF1FFEF726002D4D00 /* SettingsViewController.swift in Sources */ = {isa = PBXBuildFile; fileRef = 139E43FE1FFEF726002D4D00 /* SettingsViewController.swift */; };
/* End PBXBuildFile section */

/* Begin PBXContainerItemProxy section */
		139E43E21FFEDFB6002D4D00 /* PBXContainerItemProxy */ = {
			isa = PBXContainerItemProxy;
			containerPortal = 139E43C51FFEDFB4002D4D00 /* Project object */;
			proxyType = 1;
			remoteGlobalIDString = 139E43CC1FFEDFB4002D4D00;
			remoteInfo = "tip calculator";
		};
		139E43ED1FFEDFB6002D4D00 /* PBXContainerItemProxy */ = {
			isa = PBXContainerItemProxy;
			containerPortal = 139E43C51FFEDFB4002D4D00 /* Project object */;
			proxyType = 1;
			remoteGlobalIDString = 139E43CC1FFEDFB4002D4D00;
			remoteInfo = "tip calculator";
		};
/* End PBXContainerItemProxy section */

/* Begin PBXFileReference section */
		139E43CD1FFEDFB5002D4D00 /* tip calculator.app */ = {isa = PBXFileReference; explicitFileType = wrapper.application; includeInIndex = 0; path = "tip calculator.app"; sourceTree = BUILT_PRODUCTS_DIR; };
		139E43D01FFEDFB5002D4D00 /* AppDelegate.swift */ = {isa = PBXFileReference; lastKnownFileType = sourcecode.swift; path = AppDelegate.swift; sourceTree = "<group>"; };
		139E43D21FFEDFB5002D4D00 /* ViewController.swift */ = {isa = PBXFileReference; lastKnownFileType = sourcecode.swift; path = ViewController.swift; sourceTree = "<group>"; };
		139E43D51FFEDFB5002D4D00 /* Base */ = {isa = PBXFileReference; lastKnownFileType = file.storyboard; name = Base; path = Base.lproj/Main.storyboard; sourceTree = "<group>"; };
		139E43D71FFEDFB6002D4D00 /* Assets.xcassets */ = {isa = PBXFileReference; lastKnownFileType = folder.assetcatalog; path = Assets.xcassets; sourceTree = "<group>"; };
		139E43DA1FFEDFB6002D4D00 /* Base */ = {isa = PBXFileReference; lastKnownFileType = file.storyboard; name = Base; path = Base.lproj/LaunchScreen.storyboard; sourceTree = "<group>"; };
		139E43DC1FFEDFB6002D4D00 /* Info.plist */ = {isa = PBXFileReference; lastKnownFileType = text.plist.xml; path = Info.plist; sourceTree = "<group>"; };
		139E43E11FFEDFB6002D4D00 /* tip calculatorTests.xctest */ = {isa = PBXFileReference; explicitFileType = wrapper.cfbundle; includeInIndex = 0; path = "tip calculatorTests.xctest"; sourceTree = BUILT_PRODUCTS_DIR; };
		139E43E51FFEDFB6002D4D00 /* tip_calculatorTests.swift */ = {isa = PBXFileReference; lastKnownFileType = sourcecode.swift; path = tip_calculatorTests.swift; sourceTree = "<group>"; };
		139E43E71FFEDFB6002D4D00 /* Info.plist */ = {isa = PBXFileReference; lastKnownFileType = text.plist.xml; path = Info.plist; sourceTree = "<group>"; };
		139E43EC1FFEDFB6002D4D00 /* tip calculatorUITests.xctest */ = {isa = PBXFileReference; explicitFileType = wrapper.cfbundle; includeInIndex = 0; path = "tip calculatorUITests.xctest"; sourceTree = BUILT_PRODUCTS_DIR; };
		139E43F01FFEDFB6002D4D00 /* tip_calculatorUITests.swift */ = {isa = PBXFileReference; lastKnownFileType = sourcecode.swift; path = tip_calculatorUITests.swift; sourceTree = "<group>"; };
		139E43F21FFEDFB6002D4D00 /* Info.plist */ = {isa = PBXFileReference; lastKnownFileType = text.plist.xml; path = Info.plist; sourceTree = "<group>"; };
		139E43FE1FFEF726002D4D00 /* SettingsViewController.swift */ = {isa = PBXFileReference; fileEncoding = 4; lastKnownFileType = sourcecode.swift; path = SettingsViewController.swift; sourceTree = "<group>"; };
/* End PBXFileReference section */

/* Begin PBXFrameworksBuildPhase section */
		139E43CA1FFEDFB4002D4D00 /* Frameworks */ = {
			isa = PBXFrameworksBuildPhase;
			buildActionMask = 2147483647;
			files = (
			);
			runOnlyForDeploymentPostprocessing = 0;
		};
		139E43DE1FFEDFB6002D4D00 /* Frameworks */ = {
			isa = PBXFrameworksBuildPhase;
			buildActionMask = 2147483647;
			files = (
			);
			runOnlyForDeploymentPostprocessing = 0;
		};
		139E43E91FFEDFB6002D4D00 /* Frameworks */ = {
			isa = PBXFrameworksBuildPhase;
			buildActionMask = 2147483647;
			files = (
			);
			runOnlyForDeploymentPostprocessing = 0;
		};
/* End PBXFrameworksBuildPhase section */

/* Begin PBXGroup section */
		139E43C41FFEDFB4002D4D00 = {
			isa = PBXGroup;
			children = (
				139E43FE1FFEF726002D4D00 /* SettingsViewController.swift */,
				139E43CF1FFEDFB5002D4D00 /* tip calculator */,
				139E43E41FFEDFB6002D4D00 /* tip calculatorTests */,
				139E43EF1FFEDFB6002D4D00 /* tip calculatorUITests */,
				139E43CE1FFEDFB5002D4D00 /* Products */,
			);
			sourceTree = "<group>";
		};
		139E43CE1FFEDFB5002D4D00 /* Products */ = {
			isa = PBXGroup;
			children = (
				139E43CD1FFEDFB5002D4D00 /* tip calculator.app */,
				139E43E11FFEDFB6002D4D00 /* tip calculatorTests.xctest */,
				139E43EC1FFEDFB6002D4D00 /* tip calculatorUITests.xctest */,
			);
			name = Products;
			sourceTree = "<group>";
		};
		139E43CF1FFEDFB5002D4D00 /* tip calculator */ = {
			isa = PBXGroup;
			children = (
				139E43D01FFEDFB5002D4D00 /* AppDelegate.swift */,
				139E43D21FFEDFB5002D4D00 /* ViewController.swift */,
				139E43D41FFEDFB5002D4D00 /* Main.storyboard */,
				139E43D71FFEDFB6002D4D00 /* Assets.xcassets */,
				139E43D91FFEDFB6002D4D00 /* LaunchScreen.storyboard */,
				139E43DC1FFEDFB6002D4D00 /* Info.plist */,
			);
			path = "tip calculator";
			sourceTree = "<group>";
		};
		139E43E41FFEDFB6002D4D00 /* tip calculatorTests */ = {
			isa = PBXGroup;
			children = (
				139E43E51FFEDFB6002D4D00 /* tip_calculatorTests.swift */,
				139E43E71FFEDFB6002D4D00 /* Info.plist */,
			);
			path = "tip calculatorTests";
			sourceTree = "<group>";
		};
		139E43EF1FFEDFB6002D4D00 /* tip calculatorUITests */ = {
			isa = PBXGroup;
			children = (
				139E43F01FFEDFB6002D4D00 /* tip_calculatorUITests.swift */,
				139E43F21FFEDFB6002D4D00 /* Info.plist */,
			);
			path = "tip calculatorUITests";
			sourceTree = "<group>";
		};
/* End PBXGroup section */

/* Begin PBXNativeTarget section */
		139E43CC1FFEDFB4002D4D00 /* tip calculator */ = {
			isa = PBXNativeTarget;
			buildConfigurationList = 139E43F51FFEDFB6002D4D00 /* Build configuration list for PBXNativeTarget "tip calculator" */;
			buildPhases = (
				139E43C91FFEDFB4002D4D00 /* Sources */,
				139E43CA1FFEDFB4002D4D00 /* Frameworks */,
				139E43CB1FFEDFB4002D4D00 /* Resources */,
			);
			buildRules = (
			);
			dependencies = (
			);
			name = "tip calculator";
			productName = "tip calculator";
			productReference = 139E43CD1FFEDFB5002D4D00 /* tip calculator.app */;
			productType = "com.apple.product-type.application";
		};
		139E43E01FFEDFB6002D4D00 /* tip calculatorTests */ = {
			isa = PBXNativeTarget;
			buildConfigurationList = 139E43F81FFEDFB6002D4D00 /* Build configuration list for PBXNativeTarget "tip calculatorTests" */;
			buildPhases = (
				139E43DD1FFEDFB6002D4D00 /* Sources */,
				139E43DE1FFEDFB6002D4D00 /* Frameworks */,
				139E43DF1FFEDFB6002D4D00 /* Resources */,
			);
			buildRules = (
			);
			dependencies = (
				139E43E31FFEDFB6002D4D00 /* PBXTargetDependency */,
			);
			name = "tip calculatorTests";
			productName = "tip calculatorTests";
			productReference = 139E43E11FFEDFB6002D4D00 /* tip calculatorTests.xctest */;
			productType = "com.apple.product-type.bundle.unit-test";
		};
		139E43EB1FFEDFB6002D4D00 /* tip calculatorUITests */ = {
			isa = PBXNativeTarget;
			buildConfigurationList = 139E43FB1FFEDFB6002D4D00 /* Build configuration list for PBXNativeTarget "tip calculatorUITests" */;
			buildPhases = (
				139E43E81FFEDFB6002D4D00 /* Sources */,
				139E43E91FFEDFB6002D4D00 /* Frameworks */,
				139E43EA1FFEDFB6002D4D00 /* Resources */,
			);
			buildRules = (
			);
			dependencies = (
				139E43EE1FFEDFB6002D4D00 /* PBXTargetDependency */,
			);
			name = "tip calculatorUITests";
			productName = "tip calculatorUITests";
			productReference = 139E43EC1FFEDFB6002D4D00 /* tip calculatorUITests.xctest */;
			productType = "com.apple.product-type.bundle.ui-testing";
		};
/* End PBXNativeTarget section */

/* Begin PBXProject section */
		139E43C51FFEDFB4002D4D00 /* Project object */ = {
			isa = PBXProject;
			attributes = {
				LastSwiftUpdateCheck = 0820;
				LastUpgradeCheck = 0820;
				ORGANIZATIONNAME = "Michelle Caplin";
				TargetAttributes = {
					139E43CC1FFEDFB4002D4D00 = {
						CreatedOnToolsVersion = 8.2.1;
						ProvisioningStyle = Automatic;
					};
					139E43E01FFEDFB6002D4D00 = {
						CreatedOnToolsVersion = 8.2.1;
						ProvisioningStyle = Automatic;
						TestTargetID = 139E43CC1FFEDFB4002D4D00;
					};
					139E43EB1FFEDFB6002D4D00 = {
						CreatedOnToolsVersion = 8.2.1;
						ProvisioningStyle = Automatic;
						TestTargetID = 139E43CC1FFEDFB4002D4D00;
					};
				};
			};
			buildConfigurationList = 139E43C81FFEDFB4002D4D00 /* Build configuration list for PBXProject "tip calculator" */;
			compatibilityVersion = "Xcode 3.2";
			developmentRegion = English;
			hasScannedForEncodings = 0;
			knownRegions = (
				en,
				Base,
			);
			mainGroup = 139E43C41FFEDFB4002D4D00;
			productRefGroup = 139E43CE1FFEDFB5002D4D00 /* Products */;
			projectDirPath = "";
			projectRoot = "";
			targets = (
				139E43CC1FFEDFB4002D4D00 /* tip calculator */,
				139E43E01FFEDFB6002D4D00 /* tip calculatorTests */,
				139E43EB1FFEDFB6002D4D00 /* tip calculatorUITests */,
			);
		};
/* End PBXProject section */

/* Begin PBXResourcesBuildPhase section */
		139E43CB1FFEDFB4002D4D00 /* Resources */ = {
			isa = PBXResourcesBuildPhase;
			buildActionMask = 2147483647;
			files = (
				139E43DB1FFEDFB6002D4D00 /* LaunchScreen.storyboard in Resources */,
				139E43D81FFEDFB6002D4D00 /* Assets.xcassets in Resources */,
				139E43D61FFEDFB6002D4D00 /* Main.storyboard in Resources */,
			);
			runOnlyForDeploymentPostprocessing = 0;
		};
		139E43DF1FFEDFB6002D4D00 /* Resources */ = {
			isa = PBXResourcesBuildPhase;
			buildActionMask = 2147483647;
			files = (
			);
			runOnlyForDeploymentPostprocessing = 0;
		};
		139E43EA1FFEDFB6002D4D00 /* Resources */ = {
			isa = PBXResourcesBuildPhase;
			buildActionMask = 2147483647;
			files = (
			);
			runOnlyForDeploymentPostprocessing = 0;
		};
/* End PBXResourcesBuildPhase section */

/* Begin PBXSourcesBuildPhase section */
		139E43C91FFEDFB4002D4D00 /* Sources */ = {
			isa = PBXSourcesBuildPhase;
			buildActionMask = 2147483647;
			files = (
				139E43D31FFEDFB5002D4D00 /* ViewController.swift in Sources */,
				139E43D11FFEDFB5002D4D00 /* AppDelegate.swift in Sources */,
				139E43FF1FFEF726002D4D00 /* SettingsViewController.swift in Sources */,
			);
			runOnlyForDeploymentPostprocessing = 0;
		};
		139E43DD1FFEDFB6002D4D00 /* Sources */ = {
			isa = PBXSourcesBuildPhase;
			buildActionMask = 2147483647;
			files = (
				139E43E61FFEDFB6002D4D00 /* tip_calculatorTests.swift in Sources */,
			);
			runOnlyForDeploymentPostprocessing = 0;
		};
		139E43E81FFEDFB6002D4D00 /* Sources */ = {
			isa = PBXSourcesBuildPhase;
			buildActionMask = 2147483647;
			files = (
				139E43F11FFEDFB6002D4D00 /* tip_calculatorUITests.swift in Sources */,
			);
			runOnlyForDeploymentPostprocessing = 0;
		};
/* End PBXSourcesBuildPhase section */

/* Begin PBXTargetDependency section */
		139E43E31FFEDFB6002D4D00 /* PBXTargetDependency */ = {
			isa = PBXTargetDependency;
			target = 139E43CC1FFEDFB4002D4D00 /* tip calculator */;
			targetProxy = 139E43E21FFEDFB6002D4D00 /* PBXContainerItemProxy */;
		};
		139E43EE1FFEDFB6002D4D00 /* PBXTargetDependency */ = {
			isa = PBXTargetDependency;
			target = 139E43CC1FFEDFB4002D4D00 /* tip calculator */;
			targetProxy = 139E43ED1FFEDFB6002D4D00 /* PBXContainerItemProxy */;
		};
/* End PBXTargetDependency section */

/* Begin PBXVariantGroup section */
		139E43D41FFEDFB5002D4D00 /* Main.storyboard */ = {
			isa = PBXVariantGroup;
			children = (
				139E43D51FFEDFB5002D4D00 /* Base */,
			);
			name = Main.storyboard;
			sourceTree = "<group>";
		};
		139E43D91FFEDFB6002D4D00 /* LaunchScreen.storyboard */ = {
			isa = PBXVariantGroup;
			children = (
				139E43DA1FFEDFB6002D4D00 /* Base */,
			);
			name = LaunchScreen.storyboard;
			sourceTree = "<group>";
		};
/* End PBXVariantGroup section */

/* Begin XCBuildConfiguration section */
		139E43F31FFEDFB6002D4D00 /* Debug */ = {
			isa = XCBuildConfiguration;
			buildSettings = {
				ALWAYS_SEARCH_USER_PATHS = NO;
				CLANG_ANALYZER_NONNULL = YES;
				CLANG_CXX_LANGUAGE_STANDARD = "gnu++0x";
				CLANG_CXX_LIBRARY = "libc++";
				CLANG_ENABLE_MODULES = YES;
				CLANG_ENABLE_OBJC_ARC = YES;
				CLANG_WARN_BOOL_CONVERSION = YES;
				CLANG_WARN_CONSTANT_CONVERSION = YES;
				CLANG_WARN_DIRECT_OBJC_ISA_USAGE = YES_ERROR;
				CLANG_WARN_DOCUMENTATION_COMMENTS = YES;
				CLANG_WARN_EMPTY_BODY = YES;
				CLANG_WARN_ENUM_CONVERSION = YES;
				CLANG_WARN_INFINITE_RECURSION = YES;
				CLANG_WARN_INT_CONVERSION = YES;
				CLANG_WARN_OBJC_ROOT_CLASS = YES_ERROR;
				CLANG_WARN_SUSPICIOUS_MOVE = YES;
				CLANG_WARN_UNREACHABLE_CODE = YES;
				CLANG_WARN__DUPLICATE_METHOD_MATCH = YES;
				"CODE_SIGN_IDENTITY[sdk=iphoneos*]" = "iPhone Developer";
				COPY_PHASE_STRIP = NO;
				DEBUG_INFORMATION_FORMAT = dwarf;
				ENABLE_STRICT_OBJC_MSGSEND = YES;
				ENABLE_TESTABILITY = YES;
				GCC_C_LANGUAGE_STANDARD = gnu99;
				GCC_DYNAMIC_NO_PIC = NO;
				GCC_NO_COMMON_BLOCKS = YES;
				GCC_OPTIMIZATION_LEVEL = 0;
				GCC_PREPROCESSOR_DEFINITIONS = (
					"DEBUG=1",
					"$(inherited)",
				);
				GCC_WARN_64_TO_32_BIT_CONVERSION = YES;
				GCC_WARN_ABOUT_RETURN_TYPE = YES_ERROR;
				GCC_WARN_UNDECLARED_SELECTOR = YES;
				GCC_WARN_UNINITIALIZED_AUTOS = YES_AGGRESSIVE;
				GCC_WARN_UNUSED_FUNCTION = YES;
				GCC_WARN_UNUSED_VARIABLE = YES;
				IPHONEOS_DEPLOYMENT_TARGET = 10.2;
				MTL_ENABLE_DEBUG_INFO = YES;
				ONLY_ACTIVE_ARCH = YES;
				SDKROOT = iphoneos;
				SWIFT_ACTIVE_COMPILATION_CONDITIONS = DEBUG;
				SWIFT_OPTIMIZATION_LEVEL = "-Onone";
			};
			name = Debug;
		};
		139E43F41FFEDFB6002D4D00 /* Release */ = {
			isa = XCBuildConfiguration;
			buildSettings = {
				ALWAYS_SEARCH_USER_PATHS = NO;
				CLANG_ANALYZER_NONNULL = YES;
				CLANG_CXX_LANGUAGE_STANDARD = "gnu++0x";
				CLANG_CXX_LIBRARY = "libc++";
				CLANG_ENABLE_MODULES = YES;
				CLANG_ENABLE_OBJC_ARC = YES;
				CLANG_WARN_BOOL_CONVERSION = YES;
				CLANG_WARN_CONSTANT_CONVERSION = YES;
				CLANG_WARN_DIRECT_OBJC_ISA_USAGE = YES_ERROR;
				CLANG_WARN_DOCUMENTATION_COMMENTS = YES;
				CLANG_WARN_EMPTY_BODY = YES;
				CLANG_WARN_ENUM_CONVERSION = YES;
				CLANG_WARN_INFINITE_RECURSION = YES;
				CLANG_WARN_INT_CONVERSION = YES;
				CLANG_WARN_OBJC_ROOT_CLASS = YES_ERROR;
				CLANG_WARN_SUSPICIOUS_MOVE = YES;
				CLANG_WARN_UNREACHABLE_CODE = YES;
				CLANG_WARN__DUPLICATE_METHOD_MATCH = YES;
				"CODE_SIGN_IDENTITY[sdk=iphoneos*]" = "iPhone Developer";
				COPY_PHASE_STRIP = NO;
				DEBUG_INFORMATION_FORMAT = "dwarf-with-dsym";
				ENABLE_NS_ASSERTIONS = NO;
				ENABLE_STRICT_OBJC_MSGSEND = YES;
				GCC_C_LANGUAGE_STANDARD = gnu99;
				GCC_NO_COMMON_BLOCKS = YES;
				GCC_WARN_64_TO_32_BIT_CONVERSION = YES;
				GCC_WARN_ABOUT_RETURN_TYPE = YES_ERROR;
				GCC_WARN_UNDECLARED_SELECTOR = YES;
				GCC_WARN_UNINITIALIZED_AUTOS = YES_AGGRESSIVE;
				GCC_WARN_UNUSED_FUNCTION = YES;
				GCC_WARN_UNUSED_VARIABLE = YES;
				IPHONEOS_DEPLOYMENT_TARGET = 10.2;
				MTL_ENABLE_DEBUG_INFO = NO;
				SDKROOT = iphoneos;
				SWIFT_OPTIMIZATION_LEVEL = "-Owholemodule";
				VALIDATE_PRODUCT = YES;
			};
			name = Release;
		};
		139E43F61FFEDFB6002D4D00 /* Debug */ = {
			isa = XCBuildConfiguration;
			buildSettings = {
				ASSETCATALOG_COMPILER_APPICON_NAME = AppIcon;
				INFOPLIST_FILE = "tip calculator/Info.plist";
				LD_RUNPATH_SEARCH_PATHS = "$(inherited) @executable_path/Frameworks";
				PRODUCT_BUNDLE_IDENTIFIER = "com.capcap.tip-calculator";
				PRODUCT_NAME = "$(TARGET_NAME)";
				SWIFT_VERSION = 3.0;
			};
			name = Debug;
		};
		139E43F71FFEDFB6002D4D00 /* Release */ = {
			isa = XCBuildConfiguration;
			buildSettings = {
				ASSETCATALOG_COMPILER_APPICON_NAME = AppIcon;
				INFOPLIST_FILE = "tip calculator/Info.plist";
				LD_RUNPATH_SEARCH_PATHS = "$(inherited) @executable_path/Frameworks";
				PRODUCT_BUNDLE_IDENTIFIER = "com.capcap.tip-calculator";
				PRODUCT_NAME = "$(TARGET_NAME)";
				SWIFT_VERSION = 3.0;
			};
			name = Release;
		};
		139E43F91FFEDFB6002D4D00 /* Debug */ = {
			isa = XCBuildConfiguration;
			buildSettings = {
				ALWAYS_EMBED_SWIFT_STANDARD_LIBRARIES = YES;
				BUNDLE_LOADER = "$(TEST_HOST)";
				INFOPLIST_FILE = "tip calculatorTests/Info.plist";
				LD_RUNPATH_SEARCH_PATHS = "$(inherited) @executable_path/Frameworks @loader_path/Frameworks";
				PRODUCT_BUNDLE_IDENTIFIER = "com.capcap.tip-calculatorTests";
				PRODUCT_NAME = "$(TARGET_NAME)";
				SWIFT_VERSION = 3.0;
				TEST_HOST = "$(BUILT_PRODUCTS_DIR)/tip calculator.app/tip calculator";
			};
			name = Debug;
		};
		139E43FA1FFEDFB6002D4D00 /* Release */ = {
			isa = XCBuildConfiguration;
			buildSettings = {
				ALWAYS_EMBED_SWIFT_STANDARD_LIBRARIES = YES;
				BUNDLE_LOADER = "$(TEST_HOST)";
				INFOPLIST_FILE = "tip calculatorTests/Info.plist";
				LD_RUNPATH_SEARCH_PATHS = "$(inherited) @executable_path/Frameworks @loader_path/Frameworks";
				PRODUCT_BUNDLE_IDENTIFIER = "com.capcap.tip-calculatorTests";
				PRODUCT_NAME = "$(TARGET_NAME)";
				SWIFT_VERSION = 3.0;
				TEST_HOST = "$(BUILT_PRODUCTS_DIR)/tip calculator.app/tip calculator";
			};
			name = Release;
		};
		139E43FC1FFEDFB6002D4D00 /* Debug */ = {
			isa = XCBuildConfiguration;
			buildSettings = {
				ALWAYS_EMBED_SWIFT_STANDARD_LIBRARIES = YES;
				INFOPLIST_FILE = "tip calculatorUITests/Info.plist";
				LD_RUNPATH_SEARCH_PATHS = "$(inherited) @executable_path/Frameworks @loader_path/Frameworks";
				PRODUCT_BUNDLE_IDENTIFIER = "com.capcap.tip-calculatorUITests";
				PRODUCT_NAME = "$(TARGET_NAME)";
				SWIFT_VERSION = 3.0;
				TEST_TARGET_NAME = "tip calculator";
			};
			name = Debug;
		};
		139E43FD1FFEDFB6002D4D00 /* Release */ = {
			isa = XCBuildConfiguration;
			buildSettings = {
				ALWAYS_EMBED_SWIFT_STANDARD_LIBRARIES = YES;
				INFOPLIST_FILE = "tip calculatorUITests/Info.plist";
				LD_RUNPATH_SEARCH_PATHS = "$(inherited) @executable_path/Frameworks @loader_path/Frameworks";
				PRODUCT_BUNDLE_IDENTIFIER = "com.capcap.tip-calculatorUITests";
				PRODUCT_NAME = "$(TARGET_NAME)";
				SWIFT_VERSION = 3.0;
				TEST_TARGET_NAME = "tip calculator";
			};
			name = Release;
		};
/* End XCBuildConfiguration section */

/* Begin XCConfigurationList section */
		139E43C81FFEDFB4002D4D00 /* Build configuration list for PBXProject "tip calculator" */ = {
			isa = XCConfigurationList;
			buildConfigurations = (
				139E43F31FFEDFB6002D4D00 /* Debug */,
				139E43F41FFEDFB6002D4D00 /* Release */,
			);
			defaultConfigurationIsVisible = 0;
			defaultConfigurationName = Release;
		};
		139E43F51FFEDFB6002D4D00 /* Build configuration list for PBXNativeTarget "tip calculator" */ = {
			isa = XCConfigurationList;
			buildConfigurations = (
				139E43F61FFEDFB6002D4D00 /* Debug */,
				139E43F71FFEDFB6002D4D00 /* Release */,
			);
			defaultConfigurationIsVisible = 0;
		};
		139E43F81FFEDFB6002D4D00 /* Build configuration list for PBXNativeTarget "tip calculatorTests" */ = {
			isa = XCConfigurationList;
			buildConfigurations = (
				139E43F91FFEDFB6002D4D00 /* Debug */,
				139E43FA1FFEDFB6002D4D00 /* Release */,
			);
			defaultConfigurationIsVisible = 0;
		};
		139E43FB1FFEDFB6002D4D00 /* Build configuration list for PBXNativeTarget "tip calculatorUITests" */ = {
			isa = XCConfigurationList;
			buildConfigurations = (
				139E43FC1FFEDFB6002D4D00 /* Debug */,
				139E43FD1FFEDFB6002D4D00 /* Release */,
			);
			defaultConfigurationIsVisible = 0;
		};
/* End XCConfigurationList section */
	};
	rootObject = 139E43C51FFEDFB4002D4D00 /* Project object */;
}
